
Microsoft Visual Studio Solution File, Format Version 12.00
# Visual Studio Express 14 for Windows Desktop
VisualStudioVersion = 14.0.25420.1
MinimumVisualStudioVersion = 10.0.40219.1
Project("{8BC9CEB8-8B4A-11D0-8D11-00A0C91BC942}") = "myTD", "rastertektut\rastertektut.vcxproj", "{86A33E19-5E4C-44A9-B730-7AF3858B45B4}"
EndProject
Project("{8BC9CEB8-8B4A-11D0-8D11-00A0C91BC942}") = "childWindows", "childWindows\childWindows.vcxproj", "{BDDACFAF-BD10-4254-B99D-75DDDE799A02}"
EndProject
Project("{8BC9CEB8-8B4A-11D0-8D11-00A0C91BC942}") = "myMain", "myMain\myMain.vcxproj", "{20A852C8-65B5-459A-9F97-C9EDBDEC6312}"
EndProject
Project("{8BC9CEB8-8B4A-11D0-8D11-00A0C91BC942}") = "myDLL", "myDLL\myDLL.vcxproj", "{88FCCDB4-4FA1-4C4A-9764-2E123655B616}"
EndProject
Project("{8BC9CEB8-8B4A-11D0-8D11-00A0C91BC942}") = "myTD1", "myTD1\myTD1.vcxproj", "{3ABEEEFB-0704-4259-AE0A-6E3231E6EBDA}"
EndProject
Project("{8BC9CEB8-8B4A-11D0-8D11-00A0C91BC942}") = "myTD1WindowDLL", "myTD1WindowDLL\myTD1WindowDLL.vcxproj", "{D7A82522-F088-424F-B489-682DE9EB2D82}"
EndProject
Project("{8BC9CEB8-8B4A-11D0-8D11-00A0C91BC942}") = "myTD1D3D11DLL", "myTD1D3D11DLL\myTD1D3D11DLL.vcxproj", "{8BE83C28-EBEF-48C9-98E5-EF008275793E}"
EndProject
Project("{8BC9CEB8-8B4A-11D0-8D11-00A0C91BC942}") = "myTD1NodeDLL", "myTD1NodeDLL\myTD1NodeDLL.vcxproj", "{9DF8D041-8ECB-4EA5-8D35-1D5C9919061F}"
EndProject
Global
	GlobalSection(SolutionConfigurationPlatforms) = preSolution
		Debug|x64 = Debug|x64
		Debug|x86 = Debug|x86
		Release|x64 = Release|x64
		Release|x86 = Release|x86
	EndGlobalSection
	GlobalSection(ProjectConfigurationPlatforms) = postSolution
		{86A33E19-5E4C-44A9-B730-7AF3858B45B4}.Debug|x64.ActiveCfg = Debug|x64
		{86A33E19-5E4C-44A9-B730-7AF3858B45B4}.Debug|x64.Build.0 = Debug|x64
		{86A33E19-5E4C-44A9-B730-7AF3858B45B4}.Debug|x86.ActiveCfg = Debug|Win32
		{86A33E19-5E4C-44A9-B730-7AF3858B45B4}.Debug|x86.Build.0 = Debug|Win32
		{86A33E19-5E4C-44A9-B730-7AF3858B45B4}.Release|x64.ActiveCfg = Release|x64
		{86A33E19-5E4C-44A9-B730-7AF3858B45B4}.Release|x64.Build.0 = Release|x64
		{86A33E19-5E4C-44A9-B730-7AF3858B45B4}.Release|x86.ActiveCfg = Release|Win32
		{86A33E19-5E4C-44A9-B730-7AF3858B45B4}.Release|x86.Build.0 = Release|Win32
		{BDDACFAF-BD10-4254-B99D-75DDDE799A02}.Debug|x64.ActiveCfg = Debug|x64
		{BDDACFAF-BD10-4254-B99D-75DDDE799A02}.Debug|x64.Build.0 = Debug|x64
		{BDDACFAF-BD10-4254-B99D-75DDDE799A02}.Debug|x86.ActiveCfg = Debug|Win32
		{BDDACFAF-BD10-4254-B99D-75DDDE799A02}.Debug|x86.Build.0 = Debug|Win32
		{BDDACFAF-BD10-4254-B99D-75DDDE799A02}.Release|x64.ActiveCfg = Release|x64
		{BDDACFAF-BD10-4254-B99D-75DDDE799A02}.Release|x64.Build.0 = Release|x64
		{BDDACFAF-BD10-4254-B99D-75DDDE799A02}.Release|x86.ActiveCfg = Release|Win32
		{BDDACFAF-BD10-4254-B99D-75DDDE799A02}.Release|x86.Build.0 = Release|Win32
		{20A852C8-65B5-459A-9F97-C9EDBDEC6312}.Debug|x64.ActiveCfg = Debug|x64
		{20A852C8-65B5-459A-9F97-C9EDBDEC6312}.Debug|x64.Build.0 = Debug|x64
		{20A852C8-65B5-459A-9F97-C9EDBDEC6312}.Debug|x86.ActiveCfg = Debug|Win32
		{20A852C8-65B5-459A-9F97-C9EDBDEC6312}.Debug|x86.Build.0 = Debug|Win32
		{20A852C8-65B5-459A-9F97-C9EDBDEC6312}.Release|x64.ActiveCfg = Release|x64
		{20A852C8-65B5-459A-9F97-C9EDBDEC6312}.Release|x64.Build.0 = Release|x64
		{20A852C8-65B5-459A-9F97-C9EDBDEC6312}.Release|x86.ActiveCfg = Release|Win32
		{20A852C8-65B5-459A-9F97-C9EDBDEC6312}.Release|x86.Build.0 = Release|Win32
		{88FCCDB4-4FA1-4C4A-9764-2E123655B616}.Debug|x64.ActiveCfg = Debug|x64
		{88FCCDB4-4FA1-4C4A-9764-2E123655B616}.Debug|x64.Build.0 = Debug|x64
		{88FCCDB4-4FA1-4C4A-9764-2E123655B616}.Debug|x86.ActiveCfg = Debug|Win32
		{88FCCDB4-4FA1-4C4A-9764-2E123655B616}.Debug|x86.Build.0 = Debug|Win32
		{88FCCDB4-4FA1-4C4A-9764-2E123655B616}.Release|x64.ActiveCfg = Release|x64
		{88FCCDB4-4FA1-4C4A-9764-2E123655B616}.Release|x64.Build.0 = Release|x64
		{88FCCDB4-4FA1-4C4A-9764-2E123655B616}.Release|x86.ActiveCfg = Release|Win32
		{88FCCDB4-4FA1-4C4A-9764-2E123655B616}.Release|x86.Build.0 = Release|Win32
		{3ABEEEFB-0704-4259-AE0A-6E3231E6EBDA}.Debug|x64.ActiveCfg = Debug|x64
		{3ABEEEFB-0704-4259-AE0A-6E3231E6EBDA}.Debug|x64.Build.0 = Debug|x64
		{3ABEEEFB-0704-4259-AE0A-6E3231E6EBDA}.Debug|x86.ActiveCfg = Debug|Win32
		{3ABEEEFB-0704-4259-AE0A-6E3231E6EBDA}.Debug|x86.Build.0 = Debug|Win32
		{3ABEEEFB-0704-4259-AE0A-6E3231E6EBDA}.Release|x64.ActiveCfg = Release|x64
		{3ABEEEFB-0704-4259-AE0A-6E3231E6EBDA}.Release|x64.Build.0 = Release|x64
		{3ABEEEFB-0704-4259-AE0A-6E3231E6EBDA}.Release|x86.ActiveCfg = Release|Win32
		{3ABEEEFB-0704-4259-AE0A-6E3231E6EBDA}.Release|x86.Build.0 = Release|Win32
		{D7A82522-F088-424F-B489-682DE9EB2D82}.Debug|x64.ActiveCfg = Debug|x64
		{D7A82522-F088-424F-B489-682DE9EB2D82}.Debug|x64.Build.0 = Debug|x64
		{D7A82522-F088-424F-B489-682DE9EB2D82}.Debug|x86.ActiveCfg = Debug|Win32
		{D7A82522-F088-424F-B489-682DE9EB2D82}.Debug|x86.Build.0 = Debug|Win32
		{D7A82522-F088-424F-B489-682DE9EB2D82}.Release|x64.ActiveCfg = Release|x64
		{D7A82522-F088-424F-B489-682DE9EB2D82}.Release|x64.Build.0 = Release|x64
		{D7A82522-F088-424F-B489-682DE9EB2D82}.Release|x86.ActiveCfg = Release|Win32
		{D7A82522-F088-424F-B489-682DE9EB2D82}.Release|x86.Build.0 = Release|Win32
		{8BE83C28-EBEF-48C9-98E5-EF008275793E}.Debug|x64.ActiveCfg = Debug|x64
		{8BE83C28-EBEF-48C9-98E5-EF008275793E}.Debug|x64.Build.0 = Debug|x64
		{8BE83C28-EBEF-48C9-98E5-EF008275793E}.Debug|x86.ActiveCfg = Debug|Win32
		{8BE83C28-EBEF-48C9-98E5-EF008275793E}.Debug|x86.Build.0 = Debug|Win32
		{8BE83C28-EBEF-48C9-98E5-EF008275793E}.Release|x64.ActiveCfg = Release|x64
		{8BE83C28-EBEF-48C9-98E5-EF008275793E}.Release|x64.Build.0 = Release|x64
		{8BE83C28-EBEF-48C9-98E5-EF008275793E}.Release|x86.ActiveCfg = Release|Win32
		{8BE83C28-EBEF-48C9-98E5-EF008275793E}.Release|x86.Build.0 = Release|Win32
		{9DF8D041-8ECB-4EA5-8D35-1D5C9919061F}.Debug|x64.ActiveCfg = Debug|x64
		{9DF8D041-8ECB-4EA5-8D35-1D5C9919061F}.Debug|x64.Build.0 = Debug|x64
		{9DF8D041-8ECB-4EA5-8D35-1D5C9919061F}.Debug|x86.ActiveCfg = Debug|Win32
		{9DF8D041-8ECB-4EA5-8D35-1D5C9919061F}.Debug|x86.Build.0 = Debug|Win32
		{9DF8D041-8ECB-4EA5-8D35-1D5C9919061F}.Release|x64.ActiveCfg = Release|x64
		{9DF8D041-8ECB-4EA5-8D35-1D5C9919061F}.Release|x64.Build.0 = Release|x64
		{9DF8D041-8ECB-4EA5-8D35-1D5C9919061F}.Release|x86.ActiveCfg = Release|Win32
		{9DF8D041-8ECB-4EA5-8D35-1D5C9919061F}.Release|x86.Build.0 = Release|Win32
	EndGlobalSection
	GlobalSection(SolutionProperties) = preSolution
		HideSolutionNode = FALSE
	EndGlobalSection
EndGlobal
