
Microsoft Visual Studio Solution File, Format Version 12.00
# Visual Studio Express 14 for Windows Desktop
VisualStudioVersion = 14.0.25420.1
MinimumVisualStudioVersion = 10.0.40219.1
Project("{8BC9CEB8-8B4A-11D0-8D11-00A0C91BC942}") = "rastertektut", "rastertektut\rastertektut.vcxproj", "{86A33E19-5E4C-44A9-B730-7AF3858B45B4}"
EndProject
Project("{8BC9CEB8-8B4A-11D0-8D11-00A0C91BC942}") = "tut2", "tut2\tut2.vcxproj", "{4031D4B7-3505-41BB-BF91-98E3C628FD3F}"
EndProject
Project("{8BC9CEB8-8B4A-11D0-8D11-00A0C91BC942}") = "Font", "Font\Font.vcxproj", "{198424FD-0719-4F98-B25E-1730EE3AEF1E}"
EndProject
Project("{8BC9CEB8-8B4A-11D0-8D11-00A0C91BC942}") = "RenterToTexture", "RenterToTexture\RenterToTexture.vcxproj", "{8AD99213-749A-495C-A7C2-E280A595E8D7}"
EndProject
Project("{8BC9CEB8-8B4A-11D0-8D11-00A0C91BC942}") = "3DPicking", "3DPicking\3DPicking.vcxproj", "{BB39D5B3-FDBD-42DE-B2BC-BF5CB649D133}"
EndProject
Project("{8BC9CEB8-8B4A-11D0-8D11-00A0C91BC942}") = "DirectSound", "DirectSound\DirectSound.vcxproj", "{926947D1-CE57-4F37-8F74-0A5D2F998A44}"
EndProject
Project("{8BC9CEB8-8B4A-11D0-8D11-00A0C91BC942}") = "ManagingMultipleShaders", "ManagingMultipleShaders\ManagingMultipleShaders.vcxproj", "{4716192A-CF20-46EC-B3B2-048148BB3192}"
EndProject
Project("{8BC9CEB8-8B4A-11D0-8D11-00A0C91BC942}") = "ShadowMapping", "ShadowMapping\ShadowMapping.vcxproj", "{A6C947B5-EF34-4A50-B640-90D0CE3815B5}"
EndProject
Global
	GlobalSection(SolutionConfigurationPlatforms) = preSolution
		Debug|x64 = Debug|x64
		Debug|x86 = Debug|x86
		Release|x64 = Release|x64
		Release|x86 = Release|x86
	EndGlobalSection
	GlobalSection(ProjectConfigurationPlatforms) = postSolution
		{86A33E19-5E4C-44A9-B730-7AF3858B45B4}.Debug|x64.ActiveCfg = Debug|x64
		{86A33E19-5E4C-44A9-B730-7AF3858B45B4}.Debug|x64.Build.0 = Debug|x64
		{86A33E19-5E4C-44A9-B730-7AF3858B45B4}.Debug|x86.ActiveCfg = Debug|Win32
		{86A33E19-5E4C-44A9-B730-7AF3858B45B4}.Debug|x86.Build.0 = Debug|Win32
		{86A33E19-5E4C-44A9-B730-7AF3858B45B4}.Release|x64.ActiveCfg = Release|x64
		{86A33E19-5E4C-44A9-B730-7AF3858B45B4}.Release|x64.Build.0 = Release|x64
		{86A33E19-5E4C-44A9-B730-7AF3858B45B4}.Release|x86.ActiveCfg = Release|Win32
		{86A33E19-5E4C-44A9-B730-7AF3858B45B4}.Release|x86.Build.0 = Release|Win32
		{4031D4B7-3505-41BB-BF91-98E3C628FD3F}.Debug|x64.ActiveCfg = Debug|x64
		{4031D4B7-3505-41BB-BF91-98E3C628FD3F}.Debug|x64.Build.0 = Debug|x64
		{4031D4B7-3505-41BB-BF91-98E3C628FD3F}.Debug|x86.ActiveCfg = Debug|Win32
		{4031D4B7-3505-41BB-BF91-98E3C628FD3F}.Debug|x86.Build.0 = Debug|Win32
		{4031D4B7-3505-41BB-BF91-98E3C628FD3F}.Release|x64.ActiveCfg = Release|x64
		{4031D4B7-3505-41BB-BF91-98E3C628FD3F}.Release|x64.Build.0 = Release|x64
		{4031D4B7-3505-41BB-BF91-98E3C628FD3F}.Release|x86.ActiveCfg = Release|Win32
		{4031D4B7-3505-41BB-BF91-98E3C628FD3F}.Release|x86.Build.0 = Release|Win32
		{198424FD-0719-4F98-B25E-1730EE3AEF1E}.Debug|x64.ActiveCfg = Debug|x64
		{198424FD-0719-4F98-B25E-1730EE3AEF1E}.Debug|x64.Build.0 = Debug|x64
		{198424FD-0719-4F98-B25E-1730EE3AEF1E}.Debug|x86.ActiveCfg = Debug|Win32
		{198424FD-0719-4F98-B25E-1730EE3AEF1E}.Debug|x86.Build.0 = Debug|Win32
		{198424FD-0719-4F98-B25E-1730EE3AEF1E}.Release|x64.ActiveCfg = Release|x64
		{198424FD-0719-4F98-B25E-1730EE3AEF1E}.Release|x64.Build.0 = Release|x64
		{198424FD-0719-4F98-B25E-1730EE3AEF1E}.Release|x86.ActiveCfg = Release|Win32
		{198424FD-0719-4F98-B25E-1730EE3AEF1E}.Release|x86.Build.0 = Release|Win32
		{8AD99213-749A-495C-A7C2-E280A595E8D7}.Debug|x64.ActiveCfg = Debug|x64
		{8AD99213-749A-495C-A7C2-E280A595E8D7}.Debug|x64.Build.0 = Debug|x64
		{8AD99213-749A-495C-A7C2-E280A595E8D7}.Debug|x86.ActiveCfg = Debug|Win32
		{8AD99213-749A-495C-A7C2-E280A595E8D7}.Debug|x86.Build.0 = Debug|Win32
		{8AD99213-749A-495C-A7C2-E280A595E8D7}.Release|x64.ActiveCfg = Release|x64
		{8AD99213-749A-495C-A7C2-E280A595E8D7}.Release|x64.Build.0 = Release|x64
		{8AD99213-749A-495C-A7C2-E280A595E8D7}.Release|x86.ActiveCfg = Release|Win32
		{8AD99213-749A-495C-A7C2-E280A595E8D7}.Release|x86.Build.0 = Release|Win32
		{BB39D5B3-FDBD-42DE-B2BC-BF5CB649D133}.Debug|x64.ActiveCfg = Debug|x64
		{BB39D5B3-FDBD-42DE-B2BC-BF5CB649D133}.Debug|x64.Build.0 = Debug|x64
		{BB39D5B3-FDBD-42DE-B2BC-BF5CB649D133}.Debug|x86.ActiveCfg = Debug|Win32
		{BB39D5B3-FDBD-42DE-B2BC-BF5CB649D133}.Debug|x86.Build.0 = Debug|Win32
		{BB39D5B3-FDBD-42DE-B2BC-BF5CB649D133}.Release|x64.ActiveCfg = Release|x64
		{BB39D5B3-FDBD-42DE-B2BC-BF5CB649D133}.Release|x64.Build.0 = Release|x64
		{BB39D5B3-FDBD-42DE-B2BC-BF5CB649D133}.Release|x86.ActiveCfg = Release|Win32
		{BB39D5B3-FDBD-42DE-B2BC-BF5CB649D133}.Release|x86.Build.0 = Release|Win32
		{926947D1-CE57-4F37-8F74-0A5D2F998A44}.Debug|x64.ActiveCfg = Debug|x64
		{926947D1-CE57-4F37-8F74-0A5D2F998A44}.Debug|x64.Build.0 = Debug|x64
		{926947D1-CE57-4F37-8F74-0A5D2F998A44}.Debug|x86.ActiveCfg = Debug|Win32
		{926947D1-CE57-4F37-8F74-0A5D2F998A44}.Debug|x86.Build.0 = Debug|Win32
		{926947D1-CE57-4F37-8F74-0A5D2F998A44}.Release|x64.ActiveCfg = Release|x64
		{926947D1-CE57-4F37-8F74-0A5D2F998A44}.Release|x64.Build.0 = Release|x64
		{926947D1-CE57-4F37-8F74-0A5D2F998A44}.Release|x86.ActiveCfg = Release|Win32
		{926947D1-CE57-4F37-8F74-0A5D2F998A44}.Release|x86.Build.0 = Release|Win32
		{4716192A-CF20-46EC-B3B2-048148BB3192}.Debug|x64.ActiveCfg = Debug|x64
		{4716192A-CF20-46EC-B3B2-048148BB3192}.Debug|x64.Build.0 = Debug|x64
		{4716192A-CF20-46EC-B3B2-048148BB3192}.Debug|x86.ActiveCfg = Debug|Win32
		{4716192A-CF20-46EC-B3B2-048148BB3192}.Debug|x86.Build.0 = Debug|Win32
		{4716192A-CF20-46EC-B3B2-048148BB3192}.Release|x64.ActiveCfg = Release|x64
		{4716192A-CF20-46EC-B3B2-048148BB3192}.Release|x64.Build.0 = Release|x64
		{4716192A-CF20-46EC-B3B2-048148BB3192}.Release|x86.ActiveCfg = Release|Win32
		{4716192A-CF20-46EC-B3B2-048148BB3192}.Release|x86.Build.0 = Release|Win32
		{A6C947B5-EF34-4A50-B640-90D0CE3815B5}.Debug|x64.ActiveCfg = Debug|x64
		{A6C947B5-EF34-4A50-B640-90D0CE3815B5}.Debug|x64.Build.0 = Debug|x64
		{A6C947B5-EF34-4A50-B640-90D0CE3815B5}.Debug|x86.ActiveCfg = Debug|Win32
		{A6C947B5-EF34-4A50-B640-90D0CE3815B5}.Debug|x86.Build.0 = Debug|Win32
		{A6C947B5-EF34-4A50-B640-90D0CE3815B5}.Release|x64.ActiveCfg = Release|x64
		{A6C947B5-EF34-4A50-B640-90D0CE3815B5}.Release|x64.Build.0 = Release|x64
		{A6C947B5-EF34-4A50-B640-90D0CE3815B5}.Release|x86.ActiveCfg = Release|Win32
		{A6C947B5-EF34-4A50-B640-90D0CE3815B5}.Release|x86.Build.0 = Release|Win32
	EndGlobalSection
	GlobalSection(SolutionProperties) = preSolution
		HideSolutionNode = FALSE
	EndGlobalSection
EndGlobal
